# THIS IS AN AUTOGENERATED FILE. DO NOT EDIT THIS FILE DIRECTLY.
# yarn lockfile v1


nanoid@^5.1.5:
  version "5.1.5"
  resolved "https://registry.yarnpkg.com/nanoid/-/nanoid-5.1.5.tgz#f7597f9d9054eb4da9548cdd53ca70f1790e87de"
  integrity sha512-Ir/+ZpE9fDsNH0hQ3C68uyThDXzYcim2EqcZ8zn8Chtt1iylPT9xXJB0kPCnqzgcEGikO9RxSrh63MsmVCU7Fw==
